{
  "name": "teste-db",
  "version": "1.0.0",
  "lockfileVersion": 1,
  "requires": true,
  "dependencies": {
    "fs-json-db": {
      "version": "0.0.6",
      "resolved": "https://registry.npmjs.org/fs-json-db/-/fs-json-db-0.0.6.tgz",
      "integrity": "sha512-XwkENcSoDvfKEd6kMeSQ50+gArWj+3JL2uNE6sGhYG9inq59mS0xmH7ejmtgp5rVbiaGEa2NK8riDLI/GFJ2uQ==",
      "requires": {
        "readline": "^1.3.0"
      }
    },
    "readline": {
      "version": "1.3.0",
      "resolved": "https://registry.npmjs.org/readline/-/readline-1.3.0.tgz",
      "integrity": "sha1-xYDXfvLPyHUrEySYBg3JeTp6wBw="
    }
  }
}
